
Microsoft Visual Studio Solution File, Format Version 12.00
# Visual Studio Version 17
VisualStudioVersion = 17.8.34525.116
MinimumVisualStudioVersion = 10.0.40219.1
Project("{9A19103F-16F7-4668-BE54-9A1E7A4F7556}") = "BlazorWebAppCrudJson", "BlazorWebAppCrudJson.csproj", "{D2C40EC3-BA7A-432E-8C6F-3B1F6CA507D7}"
EndProject
Global
	GlobalSection(SolutionConfigurationPlatforms) = preSolution
		Debug|Any CPU = Debug|Any CPU
		Release|Any CPU = Release|Any CPU
	EndGlobalSection
	GlobalSection(ProjectConfigurationPlatforms) = postSolution
		{D2C40EC3-BA7A-432E-8C6F-3B1F6CA507D7}.Debug|Any CPU.ActiveCfg = Debug|Any CPU
		{D2C40EC3-BA7A-432E-8C6F-3B1F6CA507D7}.Debug|Any CPU.Build.0 = Debug|Any CPU
		{D2C40EC3-BA7A-432E-8C6F-3B1F6CA507D7}.Release|Any CPU.ActiveCfg = Release|Any CPU
		{D2C40EC3-BA7A-432E-8C6F-3B1F6CA507D7}.Release|Any CPU.Build.0 = Release|Any CPU
	EndGlobalSection
	GlobalSection(SolutionProperties) = preSolution
		HideSolutionNode = FALSE
	EndGlobalSection
	GlobalSection(ExtensibilityGlobals) = postSolution
		SolutionGuid = {AA3EB836-B5FB-4569-ADBF-2E4531F955CE}
	EndGlobalSection
EndGlobal
